
Microsoft Visual Studio Solution File, Format Version 12.00
# Visual Studio 15
VisualStudioVersion = 15.0.27703.2047
MinimumVisualStudioVersion = 10.0.40219.1
Project("{FAE04EC0-301F-11D3-BF4B-00C04F79EFBC}") = "ExceptionFilters", "ExceptionFilters\ExceptionFilters.csproj", "{DA191CFD-1EA5-4F24-B60C-AFB23DBE7E5A}"
EndProject
Global
	GlobalSection(SolutionConfigurationPlatforms) = preSolution
		Debug|Any CPU = Debug|Any CPU
		Release|Any CPU = Release|Any CPU
	EndGlobalSection
	GlobalSection(ProjectConfigurationPlatforms) = postSolution
		{DA191CFD-1EA5-4F24-B60C-AFB23DBE7E5A}.Debug|Any CPU.ActiveCfg = Debug|Any CPU
		{DA191CFD-1EA5-4F24-B60C-AFB23DBE7E5A}.Debug|Any CPU.Build.0 = Debug|Any CPU
		{DA191CFD-1EA5-4F24-B60C-AFB23DBE7E5A}.Release|Any CPU.ActiveCfg = Release|Any CPU
		{DA191CFD-1EA5-4F24-B60C-AFB23DBE7E5A}.Release|Any CPU.Build.0 = Release|Any CPU
	EndGlobalSection
	GlobalSection(SolutionProperties) = preSolution
		HideSolutionNode = FALSE
	EndGlobalSection
	GlobalSection(ExtensibilityGlobals) = postSolution
		SolutionGuid = {DAEAB065-FF12-48CF-A508-10385F822ACD}
	EndGlobalSection
EndGlobal
